
Microsoft Visual Studio Solution File, Format Version 12.00
# Visual Studio Version 17
VisualStudioVersion = 17.7.34221.43
MinimumVisualStudioVersion = 10.0.40219.1
Project("{FAE04EC0-301F-11D3-BF4B-00C04F79EFBC}") = "String y StringBuilder 12 11 Udemy", "String y StringBuilder 12 11 Udemy.csproj", "{0C766163-21FD-4252-8366-AC52CA5B664C}"
EndProject
Global
	GlobalSection(SolutionConfigurationPlatforms) = preSolution
		Debug|Any CPU = Debug|Any CPU
		Release|Any CPU = Release|Any CPU
	EndGlobalSection
	GlobalSection(ProjectConfigurationPlatforms) = postSolution
		{0C766163-21FD-4252-8366-AC52CA5B664C}.Debug|Any CPU.ActiveCfg = Debug|Any CPU
		{0C766163-21FD-4252-8366-AC52CA5B664C}.Debug|Any CPU.Build.0 = Debug|Any CPU
		{0C766163-21FD-4252-8366-AC52CA5B664C}.Release|Any CPU.ActiveCfg = Release|Any CPU
		{0C766163-21FD-4252-8366-AC52CA5B664C}.Release|Any CPU.Build.0 = Release|Any CPU
	EndGlobalSection
	GlobalSection(SolutionProperties) = preSolution
		HideSolutionNode = FALSE
	EndGlobalSection
	GlobalSection(ExtensibilityGlobals) = postSolution
		SolutionGuid = {CDE785A9-F279-4554-84F2-93E8012C1499}
	EndGlobalSection
EndGlobal
